
Microsoft Visual Studio Solution File, Format Version 12.00
# Visual Studio Version 17
VisualStudioVersion = 17.8.34525.116
MinimumVisualStudioVersion = 10.0.40219.1
Project("{FAE04EC0-301F-11D3-BF4B-00C04F79EFBC}") = "CodeBuddies.PizzaClient", "CodeBuddies.PizzaClient\CodeBuddies.PizzaClient.csproj", "{A25E4748-0F11-4AA2-B534-BF90C77EC6EA}"
EndProject
Global
	GlobalSection(SolutionConfigurationPlatforms) = preSolution
		Debug|Any CPU = Debug|Any CPU
		Release|Any CPU = Release|Any CPU
	EndGlobalSection
	GlobalSection(ProjectConfigurationPlatforms) = postSolution
		{A25E4748-0F11-4AA2-B534-BF90C77EC6EA}.Debug|Any CPU.ActiveCfg = Debug|Any CPU
		{A25E4748-0F11-4AA2-B534-BF90C77EC6EA}.Debug|Any CPU.Build.0 = Debug|Any CPU
		{A25E4748-0F11-4AA2-B534-BF90C77EC6EA}.Release|Any CPU.ActiveCfg = Release|Any CPU
		{A25E4748-0F11-4AA2-B534-BF90C77EC6EA}.Release|Any CPU.Build.0 = Release|Any CPU
	EndGlobalSection
	GlobalSection(SolutionProperties) = preSolution
		HideSolutionNode = FALSE
	EndGlobalSection
	GlobalSection(ExtensibilityGlobals) = postSolution
		SolutionGuid = {A98FD20F-0FEB-42BD-8493-02C623F6D98B}
	EndGlobalSection
EndGlobal
